
Microsoft Visual Studio Solution File, Format Version 12.00
# Visual Studio Version 16
VisualStudioVersion = 16.0.29728.190
MinimumVisualStudioVersion = 10.0.40219.1
Project("{FAE04EC0-301F-11D3-BF4B-00C04F79EFBC}") = "Iterations", "Iterations.csproj", "{518391FC-4D70-4053-824D-1F0D991177ED}"
EndProject
Global
	GlobalSection(SolutionConfigurationPlatforms) = preSolution
		Debug|Any CPU = Debug|Any CPU
		Release|Any CPU = Release|Any CPU
	EndGlobalSection
	GlobalSection(ProjectConfigurationPlatforms) = postSolution
		{518391FC-4D70-4053-824D-1F0D991177ED}.Debug|Any CPU.ActiveCfg = Debug|Any CPU
		{518391FC-4D70-4053-824D-1F0D991177ED}.Debug|Any CPU.Build.0 = Debug|Any CPU
		{518391FC-4D70-4053-824D-1F0D991177ED}.Release|Any CPU.ActiveCfg = Release|Any CPU
		{518391FC-4D70-4053-824D-1F0D991177ED}.Release|Any CPU.Build.0 = Release|Any CPU
	EndGlobalSection
	GlobalSection(SolutionProperties) = preSolution
		HideSolutionNode = FALSE
	EndGlobalSection
	GlobalSection(ExtensibilityGlobals) = postSolution
		SolutionGuid = {A906BF2A-4C21-4CC9-A260-8972248ACA0A}
	EndGlobalSection
EndGlobal
